
Microsoft Visual Studio Solution File, Format Version 12.00
# Visual Studio 15
VisualStudioVersion = 15.0.27428.2015
MinimumVisualStudioVersion = 10.0.40219.1
Project("{9092AA53-FB77-4645-B42D-1CCCA6BD08BD}") = "Livraria", "Livraria\Livraria.njsproj", "{866AB27C-A8CD-44DB-8870-FAF5EF44CF64}"
EndProject
Global
	GlobalSection(SolutionConfigurationPlatforms) = preSolution
		Debug|Any CPU = Debug|Any CPU
		Release|Any CPU = Release|Any CPU
	EndGlobalSection
	GlobalSection(ProjectConfigurationPlatforms) = postSolution
		{866AB27C-A8CD-44DB-8870-FAF5EF44CF64}.Debug|Any CPU.ActiveCfg = Debug|Any CPU
		{866AB27C-A8CD-44DB-8870-FAF5EF44CF64}.Debug|Any CPU.Build.0 = Debug|Any CPU
		{866AB27C-A8CD-44DB-8870-FAF5EF44CF64}.Release|Any CPU.ActiveCfg = Release|Any CPU
		{866AB27C-A8CD-44DB-8870-FAF5EF44CF64}.Release|Any CPU.Build.0 = Release|Any CPU
	EndGlobalSection
	GlobalSection(SolutionProperties) = preSolution
		HideSolutionNode = FALSE
	EndGlobalSection
	GlobalSection(ExtensibilityGlobals) = postSolution
		SolutionGuid = {6EC6F51F-EAE9-4BB5-A54F-403BB5DF3C1A}
	EndGlobalSection
EndGlobal
